
Microsoft Visual Studio Solution File, Format Version 12.00
# Visual Studio Version 17
VisualStudioVersion = 17.0.31903.59
MinimumVisualStudioVersion = 10.0.40219.1
Project("{FAE04EC0-301F-11D3-BF4B-00C04F79EFBC}") = "HQ-Lib", "HQ-Lib\HQ-Lib.csproj", "{05B5CA5C-08E0-4F8E-BCDE-BC7DB80BAA3D}"
EndProject
Project("{FAE04EC0-301F-11D3-BF4B-00C04F79EFBC}") = "HQ-Test", "HQ-Test\HQ-Test.csproj", "{8B53793E-CEE8-4E02-8956-BD8BD9026F45}"
EndProject
Global
	GlobalSection(SolutionConfigurationPlatforms) = preSolution
		Debug|Any CPU = Debug|Any CPU
		Release|Any CPU = Release|Any CPU
	EndGlobalSection
	GlobalSection(SolutionProperties) = preSolution
		HideSolutionNode = FALSE
	EndGlobalSection
	GlobalSection(ProjectConfigurationPlatforms) = postSolution
		{05B5CA5C-08E0-4F8E-BCDE-BC7DB80BAA3D}.Debug|Any CPU.ActiveCfg = Debug|Any CPU
		{05B5CA5C-08E0-4F8E-BCDE-BC7DB80BAA3D}.Debug|Any CPU.Build.0 = Debug|Any CPU
		{05B5CA5C-08E0-4F8E-BCDE-BC7DB80BAA3D}.Release|Any CPU.ActiveCfg = Release|Any CPU
		{05B5CA5C-08E0-4F8E-BCDE-BC7DB80BAA3D}.Release|Any CPU.Build.0 = Release|Any CPU
		{8B53793E-CEE8-4E02-8956-BD8BD9026F45}.Debug|Any CPU.ActiveCfg = Debug|Any CPU
		{8B53793E-CEE8-4E02-8956-BD8BD9026F45}.Debug|Any CPU.Build.0 = Debug|Any CPU
		{8B53793E-CEE8-4E02-8956-BD8BD9026F45}.Release|Any CPU.ActiveCfg = Release|Any CPU
		{8B53793E-CEE8-4E02-8956-BD8BD9026F45}.Release|Any CPU.Build.0 = Release|Any CPU
	EndGlobalSection
EndGlobal
